
Microsoft Visual Studio Solution File, Format Version 12.00
# Visual Studio Version 16
VisualStudioVersion = 16.0.30104.148
MinimumVisualStudioVersion = 10.0.40219.1
Project("{FAE04EC0-301F-11D3-BF4B-00C04F79EFBC}") = "desafio-codenation", "desafio-codenation\desafio-codenation.csproj", "{B4947672-8A30-47B1-B2A1-A0D7B4F0EAEF}"
EndProject
Global
	GlobalSection(SolutionConfigurationPlatforms) = preSolution
		Debug|Any CPU = Debug|Any CPU
		Release|Any CPU = Release|Any CPU
	EndGlobalSection
	GlobalSection(ProjectConfigurationPlatforms) = postSolution
		{B4947672-8A30-47B1-B2A1-A0D7B4F0EAEF}.Debug|Any CPU.ActiveCfg = Debug|Any CPU
		{B4947672-8A30-47B1-B2A1-A0D7B4F0EAEF}.Debug|Any CPU.Build.0 = Debug|Any CPU
		{B4947672-8A30-47B1-B2A1-A0D7B4F0EAEF}.Release|Any CPU.ActiveCfg = Release|Any CPU
		{B4947672-8A30-47B1-B2A1-A0D7B4F0EAEF}.Release|Any CPU.Build.0 = Release|Any CPU
	EndGlobalSection
	GlobalSection(SolutionProperties) = preSolution
		HideSolutionNode = FALSE
	EndGlobalSection
	GlobalSection(ExtensibilityGlobals) = postSolution
		SolutionGuid = {F9858C79-89E7-4571-82F3-5B37F84720C9}
	EndGlobalSection
EndGlobal
